// !$*UTF8*$!
{
	archiveVersion = 1;
	classes = {
	};
	objectVersion = 46;
	objects = {

/* Begin PBXBuildFile section */
		9568C9A61A1418B100EB6CE3 /* AppDelegate.swift in Sources */ = {isa = PBXBuildFile; fileRef = 9568C9A51A1418B100EB6CE3 /* AppDelegate.swift */; };
		9568C9A81A1418B100EB6CE3 /* ViewController.swift in Sources */ = {isa = PBXBuildFile; fileRef = 9568C9A71A1418B100EB6CE3 /* ViewController.swift */; };
		9568C9AB1A1418B100EB6CE3 /* Main.storyboard in Resources */ = {isa = PBXBuildFile; fileRef = 9568C9A91A1418B100EB6CE3 /* Main.storyboard */; };
		9568C9AD1A1418B100EB6CE3 /* Images.xcassets in Resources */ = {isa = PBXBuildFile; fileRef = 9568C9AC1A1418B100EB6CE3 /* Images.xcassets */; };
		9568C9B01A1418B100EB6CE3 /* LaunchScreen.xib in Resources */ = {isa = PBXBuildFile; fileRef = 9568C9AE1A1418B100EB6CE3 /* LaunchScreen.xib */; };
		9568C9BC1A1418B100EB6CE3 /* NumVowelsAppTests.swift in Sources */ = {isa = PBXBuildFile; fileRef = 9568C9BB1A1418B100EB6CE3 /* NumVowelsAppTests.swift */; };
		9568C9C61A14195A00EB6CE3 /* Vowels.swift in Sources */ = {isa = PBXBuildFile; fileRef = 9568C9C51A14195A00EB6CE3 /* Vowels.swift */; };
/* End PBXBuildFile section */

/* Begin PBXContainerItemProxy section */
		9568C9B61A1418B100EB6CE3 /* PBXContainerItemProxy */ = {
			isa = PBXContainerItemProxy;
			containerPortal = 9568C9981A1418B100EB6CE3 /* Project object */;
			proxyType = 1;
			remoteGlobalIDString = 9568C99F1A1418B100EB6CE3;
			remoteInfo = NumVowelsApp;
		};
/* End PBXContainerItemProxy section */

/* Begin PBXFileReference section */
		9568C9A01A1418B100EB6CE3 /* NumVowelsApp.app */ = {isa = PBXFileReference; explicitFileType = wrapper.application; includeInIndex = 0; path = NumVowelsApp.app; sourceTree = BUILT_PRODUCTS_DIR; };
		9568C9A41A1418B100EB6CE3 /* Info.plist */ = {isa = PBXFileReference; lastKnownFileType = text.plist.xml; path = Info.plist; sourceTree = "<group>"; };
		9568C9A51A1418B100EB6CE3 /* AppDelegate.swift */ = {isa = PBXFileReference; lastKnownFileType = sourcecode.swift; path = AppDelegate.swift; sourceTree = "<group>"; };
		9568C9A71A1418B100EB6CE3 /* ViewController.swift */ = {isa = PBXFileReference; lastKnownFileType = sourcecode.swift; path = ViewController.swift; sourceTree = "<group>"; };
		9568C9AA1A1418B100EB6CE3 /* Base */ = {isa = PBXFileReference; lastKnownFileType = file.storyboard; name = Base; path = Base.lproj/Main.storyboard; sourceTree = "<group>"; };
		9568C9AC1A1418B100EB6CE3 /* Images.xcassets */ = {isa = PBXFileReference; lastKnownFileType = folder.assetcatalog; path = Images.xcassets; sourceTree = "<group>"; };
		9568C9AF1A1418B100EB6CE3 /* Base */ = {isa = PBXFileReference; lastKnownFileType = file.xib; name = Base; path = Base.lproj/LaunchScreen.xib; sourceTree = "<group>"; };
		9568C9B51A1418B100EB6CE3 /* NumVowelsAppTests.xctest */ = {isa = PBXFileReference; explicitFileType = wrapper.cfbundle; includeInIndex = 0; path = NumVowelsAppTests.xctest; sourceTree = BUILT_PRODUCTS_DIR; };
		9568C9BA1A1418B100EB6CE3 /* Info.plist */ = {isa = PBXFileReference; lastKnownFileType = text.plist.xml; path = Info.plist; sourceTree = "<group>"; };
		9568C9BB1A1418B100EB6CE3 /* NumVowelsAppTests.swift */ = {isa = PBXFileReference; lastKnownFileType = sourcecode.swift; path = NumVowelsAppTests.swift; sourceTree = "<group>"; };
		9568C9C51A14195A00EB6CE3 /* Vowels.swift */ = {isa = PBXFileReference; fileEncoding = 4; lastKnownFileType = sourcecode.swift; path = Vowels.swift; sourceTree = "<group>"; };
/* End PBXFileReference section */

/* Begin PBXFrameworksBuildPhase section */
		9568C99D1A1418B100EB6CE3 /* Frameworks */ = {
			isa = PBXFrameworksBuildPhase;
			buildActionMask = 2147483647;
			files = (
			);
			runOnlyForDeploymentPostprocessing = 0;
		};
		9568C9B21A1418B100EB6CE3 /* Frameworks */ = {
			isa = PBXFrameworksBuildPhase;
			buildActionMask = 2147483647;
			files = (
			);
			runOnlyForDeploymentPostprocessing = 0;
		};
/* End PBXFrameworksBuildPhase section */

/* Begin PBXGroup section */
		9568C9971A1418B100EB6CE3 = {
			isa = PBXGroup;
			children = (
				9568C9A21A1418B100EB6CE3 /* NumVowelsApp */,
				9568C9B81A1418B100EB6CE3 /* NumVowelsAppTests */,
				9568C9A11A1418B100EB6CE3 /* Products */,
			);
			sourceTree = "<group>";
		};
		9568C9A11A1418B100EB6CE3 /* Products */ = {
			isa = PBXGroup;
			children = (
				9568C9A01A1418B100EB6CE3 /* NumVowelsApp.app */,
				9568C9B51A1418B100EB6CE3 /* NumVowelsAppTests.xctest */,
			);
			name = Products;
			sourceTree = "<group>";
		};
		9568C9A21A1418B100EB6CE3 /* NumVowelsApp */ = {
			isa = PBXGroup;
			children = (
				9568C9A51A1418B100EB6CE3 /* AppDelegate.swift */,
				9568C9A71A1418B100EB6CE3 /* ViewController.swift */,
				9568C9C51A14195A00EB6CE3 /* Vowels.swift */,
				9568C9A91A1418B100EB6CE3 /* Main.storyboard */,
				9568C9AC1A1418B100EB6CE3 /* Images.xcassets */,
				9568C9AE1A1418B100EB6CE3 /* LaunchScreen.xib */,
				9568C9A31A1418B100EB6CE3 /* Supporting Files */,
			);
			path = NumVowelsApp;
			sourceTree = "<group>";
		};
		9568C9A31A1418B100EB6CE3 /* Supporting Files */ = {
			isa = PBXGroup;
			children = (
				9568C9A41A1418B100EB6CE3 /* Info.plist */,
			);
			name = "Supporting Files";
			sourceTree = "<group>";
		};
		9568C9B81A1418B100EB6CE3 /* NumVowelsAppTests */ = {
			isa = PBXGroup;
			children = (
				9568C9BB1A1418B100EB6CE3 /* NumVowelsAppTests.swift */,
				9568C9B91A1418B100EB6CE3 /* Supporting Files */,
			);
			path = NumVowelsAppTests;
			sourceTree = "<group>";
		};
		9568C9B91A1418B100EB6CE3 /* Supporting Files */ = {
			isa = PBXGroup;
			children = (
				9568C9BA1A1418B100EB6CE3 /* Info.plist */,
			);
			name = "Supporting Files";
			sourceTree = "<group>";
		};
/* End PBXGroup section */

/* Begin PBXNativeTarget section */
		9568C99F1A1418B100EB6CE3 /* NumVowelsApp */ = {
			isa = PBXNativeTarget;
			buildConfigurationList = 9568C9BF1A1418B100EB6CE3 /* Build configuration list for PBXNativeTarget "NumVowelsApp" */;
			buildPhases = (
				9568C99C1A1418B100EB6CE3 /* Sources */,
				9568C99D1A1418B100EB6CE3 /* Frameworks */,
				9568C99E1A1418B100EB6CE3 /* Resources */,
			);
			buildRules = (
			);
			dependencies = (
			);
			name = NumVowelsApp;
			productName = NumVowelsApp;
			productReference = 9568C9A01A1418B100EB6CE3 /* NumVowelsApp.app */;
			productType = "com.apple.product-type.application";
		};
		9568C9B41A1418B100EB6CE3 /* NumVowelsAppTests */ = {
			isa = PBXNativeTarget;
			buildConfigurationList = 9568C9C21A1418B100EB6CE3 /* Build configuration list for PBXNativeTarget "NumVowelsAppTests" */;
			buildPhases = (
				9568C9B11A1418B100EB6CE3 /* Sources */,
				9568C9B21A1418B100EB6CE3 /* Frameworks */,
				9568C9B31A1418B100EB6CE3 /* Resources */,
			);
			buildRules = (
			);
			dependencies = (
				9568C9B71A1418B100EB6CE3 /* PBXTargetDependency */,
			);
			name = NumVowelsAppTests;
			productName = NumVowelsAppTests;
			productReference = 9568C9B51A1418B100EB6CE3 /* NumVowelsAppTests.xctest */;
			productType = "com.apple.product-type.bundle.unit-test";
		};
/* End PBXNativeTarget section */

/* Begin PBXProject section */
		9568C9981A1418B100EB6CE3 /* Project object */ = {
			isa = PBXProject;
			attributes = {
				LastUpgradeCheck = 0610;
				ORGANIZATIONNAME = MattChupp;
				TargetAttributes = {
					9568C99F1A1418B100EB6CE3 = {
						CreatedOnToolsVersion = 6.1;
					};
					9568C9B41A1418B100EB6CE3 = {
						CreatedOnToolsVersion = 6.1;
						TestTargetID = 9568C99F1A1418B100EB6CE3;
					};
				};
			};
			buildConfigurationList = 9568C99B1A1418B100EB6CE3 /* Build configuration list for PBXProject "NumVowelsApp" */;
			compatibilityVersion = "Xcode 3.2";
			developmentRegion = English;
			hasScannedForEncodings = 0;
			knownRegions = (
				en,
				Base,
			);
			mainGroup = 9568C9971A1418B100EB6CE3;
			productRefGroup = 9568C9A11A1418B100EB6CE3 /* Products */;
			projectDirPath = "";
			projectRoot = "";
			targets = (
				9568C99F1A1418B100EB6CE3 /* NumVowelsApp */,
				9568C9B41A1418B100EB6CE3 /* NumVowelsAppTests */,
			);
		};
/* End PBXProject section */

/* Begin PBXResourcesBuildPhase section */
		9568C99E1A1418B100EB6CE3 /* Resources */ = {
			isa = PBXResourcesBuildPhase;
			buildActionMask = 2147483647;
			files = (
				9568C9AB1A1418B100EB6CE3 /* Main.storyboard in Resources */,
				9568C9B01A1418B100EB6CE3 /* LaunchScreen.xib in Resources */,
				9568C9AD1A1418B100EB6CE3 /* Images.xcassets in Resources */,
			);
			runOnlyForDeploymentPostprocessing = 0;
		};
		9568C9B31A1418B100EB6CE3 /* Resources */ = {
			isa = PBXResourcesBuildPhase;
			buildActionMask = 2147483647;
			files = (
			);
			runOnlyForDeploymentPostprocessing = 0;
		};
/* End PBXResourcesBuildPhase section */

/* Begin PBXSourcesBuildPhase section */
		9568C99C1A1418B100EB6CE3 /* Sources */ = {
			isa = PBXSourcesBuildPhase;
			buildActionMask = 2147483647;
			files = (
				9568C9A81A1418B100EB6CE3 /* ViewController.swift in Sources */,
				9568C9A61A1418B100EB6CE3 /* AppDelegate.swift in Sources */,
				9568C9C61A14195A00EB6CE3 /* Vowels.swift in Sources */,
			);
			runOnlyForDeploymentPostprocessing = 0;
		};
		9568C9B11A1418B100EB6CE3 /* Sources */ = {
			isa = PBXSourcesBuildPhase;
			buildActionMask = 2147483647;
			files = (
				9568C9BC1A1418B100EB6CE3 /* NumVowelsAppTests.swift in Sources */,
			);
			runOnlyForDeploymentPostprocessing = 0;
		};
/* End PBXSourcesBuildPhase section */

/* Begin PBXTargetDependency section */
		9568C9B71A1418B100EB6CE3 /* PBXTargetDependency */ = {
			isa = PBXTargetDependency;
			target = 9568C99F1A1418B100EB6CE3 /* NumVowelsApp */;
			targetProxy = 9568C9B61A1418B100EB6CE3 /* PBXContainerItemProxy */;
		};
/* End PBXTargetDependency section */

/* Begin PBXVariantGroup section */
		9568C9A91A1418B100EB6CE3 /* Main.storyboard */ = {
			isa = PBXVariantGroup;
			children = (
				9568C9AA1A1418B100EB6CE3 /* Base */,
			);
			name = Main.storyboard;
			sourceTree = "<group>";
		};
		9568C9AE1A1418B100EB6CE3 /* LaunchScreen.xib */ = {
			isa = PBXVariantGroup;
			children = (
				9568C9AF1A1418B100EB6CE3 /* Base */,
			);
			name = LaunchScreen.xib;
			sourceTree = "<group>";
		};
/* End PBXVariantGroup section */

/* Begin XCBuildConfiguration section */
		9568C9BD1A1418B100EB6CE3 /* Debug */ = {
			isa = XCBuildConfiguration;
			buildSettings = {
				ALWAYS_SEARCH_USER_PATHS = NO;
				CLANG_CXX_LANGUAGE_STANDARD = "gnu++0x";
				CLANG_CXX_LIBRARY = "libc++";
				CLANG_ENABLE_MODULES = YES;
				CLANG_ENABLE_OBJC_ARC = YES;
				CLANG_WARN_BOOL_CONVERSION = YES;
				CLANG_WARN_CONSTANT_CONVERSION = YES;
				CLANG_WARN_DIRECT_OBJC_ISA_USAGE = YES_ERROR;
				CLANG_WARN_EMPTY_BODY = YES;
				CLANG_WARN_ENUM_CONVERSION = YES;
				CLANG_WARN_INT_CONVERSION = YES;
				CLANG_WARN_OBJC_ROOT_CLASS = YES_ERROR;
				CLANG_WARN_UNREACHABLE_CODE = YES;
				CLANG_WARN__DUPLICATE_METHOD_MATCH = YES;
				"CODE_SIGN_IDENTITY[sdk=iphoneos*]" = "iPhone Developer";
				COPY_PHASE_STRIP = NO;
				ENABLE_STRICT_OBJC_MSGSEND = YES;
				GCC_C_LANGUAGE_STANDARD = gnu99;
				GCC_DYNAMIC_NO_PIC = NO;
				GCC_OPTIMIZATION_LEVEL = 0;
				GCC_PREPROCESSOR_DEFINITIONS = (
					"DEBUG=1",
					"$(inherited)",
				);
				GCC_SYMBOLS_PRIVATE_EXTERN = NO;
				GCC_WARN_64_TO_32_BIT_CONVERSION = YES;
				GCC_WARN_ABOUT_RETURN_TYPE = YES_ERROR;
				GCC_WARN_UNDECLARED_SELECTOR = YES;
				GCC_WARN_UNINITIALIZED_AUTOS = YES_AGGRESSIVE;
				GCC_WARN_UNUSED_FUNCTION = YES;
				GCC_WARN_UNUSED_VARIABLE = YES;
				IPHONEOS_DEPLOYMENT_TARGET = 8.1;
				MTL_ENABLE_DEBUG_INFO = YES;
				ONLY_ACTIVE_ARCH = YES;
				SDKROOT = iphoneos;
				SWIFT_OPTIMIZATION_LEVEL = "-Onone";
			};
			name = Debug;
		};
		9568C9BE1A1418B100EB6CE3 /* Release */ = {
			isa = XCBuildConfiguration;
			buildSettings = {
				ALWAYS_SEARCH_USER_PATHS = NO;
				CLANG_CXX_LANGUAGE_STANDARD = "gnu++0x";
				CLANG_CXX_LIBRARY = "libc++";
				CLANG_ENABLE_MODULES = YES;
				CLANG_ENABLE_OBJC_ARC = YES;
				CLANG_WARN_BOOL_CONVERSION = YES;
				CLANG_WARN_CONSTANT_CONVERSION = YES;
				CLANG_WARN_DIRECT_OBJC_ISA_USAGE = YES_ERROR;
				CLANG_WARN_EMPTY_BODY = YES;
				CLANG_WARN_ENUM_CONVERSION = YES;
				CLANG_WARN_INT_CONVERSION = YES;
				CLANG_WARN_OBJC_ROOT_CLASS = YES_ERROR;
				CLANG_WARN_UNREACHABLE_CODE = YES;
				CLANG_WARN__DUPLICATE_METHOD_MATCH = YES;
				"CODE_SIGN_IDENTITY[sdk=iphoneos*]" = "iPhone Developer";
				COPY_PHASE_STRIP = YES;
				ENABLE_NS_ASSERTIONS = NO;
				ENABLE_STRICT_OBJC_MSGSEND = YES;
				GCC_C_LANGUAGE_STANDARD = gnu99;
				GCC_WARN_64_TO_32_BIT_CONVERSION = YES;
				GCC_WARN_ABOUT_RETURN_TYPE = YES_ERROR;
				GCC_WARN_UNDECLARED_SELECTOR = YES;
				GCC_WARN_UNINITIALIZED_AUTOS = YES_AGGRESSIVE;
				GCC_WARN_UNUSED_FUNCTION = YES;
				GCC_WARN_UNUSED_VARIABLE = YES;
				IPHONEOS_DEPLOYMENT_TARGET = 8.1;
				MTL_ENABLE_DEBUG_INFO = NO;
				SDKROOT = iphoneos;
				VALIDATE_PRODUCT = YES;
			};
			name = Release;
		};
		9568C9C01A1418B100EB6CE3 /* Debug */ = {
			isa = XCBuildConfiguration;
			buildSettings = {
				ASSETCATALOG_COMPILER_APPICON_NAME = AppIcon;
				INFOPLIST_FILE = NumVowelsApp/Info.plist;
				LD_RUNPATH_SEARCH_PATHS = "$(inherited) @executable_path/Frameworks";
				PRODUCT_NAME = "$(TARGET_NAME)";
			};
			name = Debug;
		};
		9568C9C11A1418B100EB6CE3 /* Release */ = {
			isa = XCBuildConfiguration;
			buildSettings = {
				ASSETCATALOG_COMPILER_APPICON_NAME = AppIcon;
				INFOPLIST_FILE = NumVowelsApp/Info.plist;
				LD_RUNPATH_SEARCH_PATHS = "$(inherited) @executable_path/Frameworks";
				PRODUCT_NAME = "$(TARGET_NAME)";
			};
			name = Release;
		};
		9568C9C31A1418B100EB6CE3 /* Debug */ = {
			isa = XCBuildConfiguration;
			buildSettings = {
				BUNDLE_LOADER = "$(TEST_HOST)";
				FRAMEWORK_SEARCH_PATHS = (
					"$(SDKROOT)/Developer/Library/Frameworks",
					"$(inherited)",
				);
				GCC_PREPROCESSOR_DEFINITIONS = (
					"DEBUG=1",
					"$(inherited)",
				);
				INFOPLIST_FILE = NumVowelsAppTests/Info.plist;
				LD_RUNPATH_SEARCH_PATHS = "$(inherited) @executable_path/Frameworks @loader_path/Frameworks";
				PRODUCT_NAME = "$(TARGET_NAME)";
				TEST_HOST = "$(BUILT_PRODUCTS_DIR)/NumVowelsApp.app/NumVowelsApp";
			};
			name = Debug;
		};
		9568C9C41A1418B100EB6CE3 /* Release */ = {
			isa = XCBuildConfiguration;
			buildSettings = {
				BUNDLE_LOADER = "$(TEST_HOST)";
				FRAMEWORK_SEARCH_PATHS = (
					"$(SDKROOT)/Developer/Library/Frameworks",
					"$(inherited)",
				);
				INFOPLIST_FILE = NumVowelsAppTests/Info.plist;
				LD_RUNPATH_SEARCH_PATHS = "$(inherited) @executable_path/Frameworks @loader_path/Frameworks";
				PRODUCT_NAME = "$(TARGET_NAME)";
				TEST_HOST = "$(BUILT_PRODUCTS_DIR)/NumVowelsApp.app/NumVowelsApp";
			};
			name = Release;
		};
/* End XCBuildConfiguration section */

/* Begin XCConfigurationList section */
		9568C99B1A1418B100EB6CE3 /* Build configuration list for PBXProject "NumVowelsApp" */ = {
			isa = XCConfigurationList;
			buildConfigurations = (
				9568C9BD1A1418B100EB6CE3 /* Debug */,
				9568C9BE1A1418B100EB6CE3 /* Release */,
			);
			defaultConfigurationIsVisible = 0;
			defaultConfigurationName = Release;
		};
		9568C9BF1A1418B100EB6CE3 /* Build configuration list for PBXNativeTarget "NumVowelsApp" */ = {
			isa = XCConfigurationList;
			buildConfigurations = (
				9568C9C01A1418B100EB6CE3 /* Debug */,
				9568C9C11A1418B100EB6CE3 /* Release */,
			);
			defaultConfigurationIsVisible = 0;
		};
		9568C9C21A1418B100EB6CE3 /* Build configuration list for PBXNativeTarget "NumVowelsAppTests" */ = {
			isa = XCConfigurationList;
			buildConfigurations = (
				9568C9C31A1418B100EB6CE3 /* Debug */,
				9568C9C41A1418B100EB6CE3 /* Release */,
			);
			defaultConfigurationIsVisible = 0;
		};
/* End XCConfigurationList section */
	};
	rootObject = 9568C9981A1418B100EB6CE3 /* Project object */;
}
